
Microsoft Visual Studio Solution File, Format Version 12.00
# Visual Studio Version 16
VisualStudioVersion = 16.0.31205.134
MinimumVisualStudioVersion = 10.0.40219.1
Project("{FAE04EC0-301F-11D3-BF4B-00C04F79EFBC}") = "EjercicioExcepciones", "EjercicioExcepciones\EjercicioExcepciones.csproj", "{94E1F212-A98E-40D2-8EDC-BDC8CB9ACE6D}"
EndProject
Project("{FAE04EC0-301F-11D3-BF4B-00C04F79EFBC}") = "EjercicioExcepcionesTests", "EjercicioExcepcionesTests\EjercicioExcepcionesTests.csproj", "{74BAA394-18B8-4628-98D7-75CD49B50D79}"
EndProject
Global
	GlobalSection(SolutionConfigurationPlatforms) = preSolution
		Debug|Any CPU = Debug|Any CPU
		Release|Any CPU = Release|Any CPU
	EndGlobalSection
	GlobalSection(ProjectConfigurationPlatforms) = postSolution
		{94E1F212-A98E-40D2-8EDC-BDC8CB9ACE6D}.Debug|Any CPU.ActiveCfg = Debug|Any CPU
		{94E1F212-A98E-40D2-8EDC-BDC8CB9ACE6D}.Debug|Any CPU.Build.0 = Debug|Any CPU
		{94E1F212-A98E-40D2-8EDC-BDC8CB9ACE6D}.Release|Any CPU.ActiveCfg = Release|Any CPU
		{94E1F212-A98E-40D2-8EDC-BDC8CB9ACE6D}.Release|Any CPU.Build.0 = Release|Any CPU
		{74BAA394-18B8-4628-98D7-75CD49B50D79}.Debug|Any CPU.ActiveCfg = Debug|Any CPU
		{74BAA394-18B8-4628-98D7-75CD49B50D79}.Debug|Any CPU.Build.0 = Debug|Any CPU
		{74BAA394-18B8-4628-98D7-75CD49B50D79}.Release|Any CPU.ActiveCfg = Release|Any CPU
		{74BAA394-18B8-4628-98D7-75CD49B50D79}.Release|Any CPU.Build.0 = Release|Any CPU
	EndGlobalSection
	GlobalSection(SolutionProperties) = preSolution
		HideSolutionNode = FALSE
	EndGlobalSection
	GlobalSection(ExtensibilityGlobals) = postSolution
		SolutionGuid = {B36A5F94-A24F-4C53-84E6-FBF421960E00}
	EndGlobalSection
EndGlobal
